
Microsoft Visual Studio Solution File, Format Version 12.00
# Visual Studio Version 17
VisualStudioVersion = 17.5.002.0
MinimumVisualStudioVersion = 10.0.40219.1
Project("{9A19103F-16F7-4668-BE54-9A1E7A4F7556}") = "TCSA.OOP.LibraryManagementSystem", "TCSA.OOP.LibraryManagementSystem.csproj", "{4D761D53-E3E1-45C8-A682-7B1F3B8CCF0A}"
EndProject
Global
	GlobalSection(SolutionConfigurationPlatforms) = preSolution
		Debug|Any CPU = Debug|Any CPU
		Release|Any CPU = Release|Any CPU
	EndGlobalSection
	GlobalSection(ProjectConfigurationPlatforms) = postSolution
		{4D761D53-E3E1-45C8-A682-7B1F3B8CCF0A}.Debug|Any CPU.ActiveCfg = Debug|Any CPU
		{4D761D53-E3E1-45C8-A682-7B1F3B8CCF0A}.Debug|Any CPU.Build.0 = Debug|Any CPU
		{4D761D53-E3E1-45C8-A682-7B1F3B8CCF0A}.Release|Any CPU.ActiveCfg = Release|Any CPU
		{4D761D53-E3E1-45C8-A682-7B1F3B8CCF0A}.Release|Any CPU.Build.0 = Release|Any CPU
	EndGlobalSection
	GlobalSection(SolutionProperties) = preSolution
		HideSolutionNode = FALSE
	EndGlobalSection
	GlobalSection(ExtensibilityGlobals) = postSolution
		SolutionGuid = {5A640BC6-7264-469F-A042-17E465697F9C}
	EndGlobalSection
EndGlobal
